
Microsoft Visual Studio Solution File, Format Version 12.00
# Visual Studio Version 16
VisualStudioVersion = 16.0.33130.400
MinimumVisualStudioVersion = 10.0.40219.1
Project("{8BC9CEB8-8B4A-11D0-8D11-00A0C91BC942}") = "EmbeddedExecutable", "EmbeddedExecutable\EmbeddedExecutable.vcxproj", "{1976D99A-EBB5-49B9-980F-500B87B109EA}"
EndProject
Global
	GlobalSection(SolutionConfigurationPlatforms) = preSolution
		Debug|x86 = Debug|x86
		Release|x86 = Release|x86
	EndGlobalSection
	GlobalSection(ProjectConfigurationPlatforms) = postSolution
		{1976D99A-EBB5-49B9-980F-500B87B109EA}.Debug|x86.ActiveCfg = Debug|Win32
		{1976D99A-EBB5-49B9-980F-500B87B109EA}.Debug|x86.Build.0 = Debug|Win32
		{1976D99A-EBB5-49B9-980F-500B87B109EA}.Release|x86.ActiveCfg = Release|Win32
		{1976D99A-EBB5-49B9-980F-500B87B109EA}.Release|x86.Build.0 = Release|Win32
	EndGlobalSection
	GlobalSection(SolutionProperties) = preSolution
		HideSolutionNode = FALSE
	EndGlobalSection
	GlobalSection(ExtensibilityGlobals) = postSolution
		SolutionGuid = {07436565-E999-4E1B-9D67-7CFFB6DDBD35}
	EndGlobalSection
EndGlobal
